Microsoft Visual Studio Solution File, Format Version 11.00
# Visual Studio 2008

Project("{59EE2771-42CA-7F48-614F-7BF9C062B0D7}") = "Flappy Birds", "Assembly-CSharp.csproj", "{1628990F-B769-ADBC-F68D-8D4FAB2E6FC3}"
EndProject
Global
	GlobalSection(SolutionConfigurationPlatforms) = preSolution
		Debug|Any CPU = Debug|Any CPU
		Release|Any CPU = Release|Any CPU
	EndGlobalSection
	GlobalSection(ProjectConfigurationPlatforms) = postSolution
		{1628990F-B769-ADBC-F68D-8D4FAB2E6FC3}.Debug|Any CPU.ActiveCfg = Debug|Any CPU
		{1628990F-B769-ADBC-F68D-8D4FAB2E6FC3}.Debug|Any CPU.Build.0 = Debug|Any CPU
		{1628990F-B769-ADBC-F68D-8D4FAB2E6FC3}.Release|Any CPU.ActiveCfg = Release|Any CPU
		{1628990F-B769-ADBC-F68D-8D4FAB2E6FC3}.Release|Any CPU.Build.0 = Release|Any CPU
	EndGlobalSection
	GlobalSection(SolutionProperties) = preSolution
		HideSolutionNode = FALSE
	EndGlobalSection
	GlobalSection(MonoDevelopProperties) = preSolution
		StartupItem = Assembly-CSharp.csproj
	EndGlobalSection
EndGlobal
